{
  "name": "sonic-boom",
  "version": "1.0.0",
  "lockfileVersion": 3,
  "requires": true,
  "packages": {
    "": {
      "name": "sonic-boom",
      "version": "1.0.0",
      "license": "ISC",
      "dependencies": {
        "sonic-boom": "^1.0.2"
      }
    },
    "node_modules/atomic-sleep": {
      "version": "1.0.0",
      "resolved": "https://registry.npmjs.org/atomic-sleep/-/atomic-sleep-1.0.0.tgz",
      "integrity": "sha512-kNOjDqAh7px0XWNI+4QbzoiR/nTkHAWNud2uvnJquD1/x5a7EQZMJT0AczqK0Qn67oY/TTQ1LbUKajZpp3I9tQ==",
      "license": "MIT",
      "engines": {
        "node": ">=8.0.0"
      }
    },
    "node_modules/flatstr": {
      "version": "1.0.12",
      "resolved": "https://registry.npmjs.org/flatstr/-/flatstr-1.0.12.tgz",
      "integrity": "sha512-4zPxDyhCyiN2wIAtSLI6gc82/EjqZc1onI4Mz/l0pWrAlsSfYH/2ZIcU+e3oA2wDwbzIWNKwa23F8rh6+DRWkw==",
      "license": "MIT"
    },
    "node_modules/sonic-boom": {
      "version": "1.0.2",
      "resolved": "https://registry.npmjs.org/sonic-boom/-/sonic-boom-1.0.2.tgz",
      "integrity": "sha512-sRMmXu7uFDXoniGvtLHuQk5KWovLWoi6WKASn7rw0ro41mPf0fOolkGp4NE6680CbxvNh26zWNyFQYYWXe33EA==",
      "license": "MIT",
      "dependencies": {
        "atomic-sleep": "^1.0.0",
        "flatstr": "^1.0.12"
      }
    }
  }
}
